// !$*UTF8*$!
{
	archiveVersion = 1;
	classes = {
	};
	objectVersion = 48;
	objects = {

/* Begin PBXBuildFile section */
		279040A33C773146545F1CB0 /* ListInteractorOutput.swift in Sources */ = {isa = PBXBuildFile; fileRef = 27904B4D609993752A2BB528 /* ListInteractorOutput.swift */; };
		279041EAF298C314EBD693C6 /* Assets.xcassets in Resources */ = {isa = PBXBuildFile; fileRef = 27904AB3EFC38E716B345BCC /* Assets.xcassets */; };
		279041FF1E29EA7BFC9FDF01 /* BaseView.swift in Sources */ = {isa = PBXBuildFile; fileRef = 279042BDA03BE05128AEFFDE /* BaseView.swift */; };
		279042CE1379AF220C4E2A27 /* ListViewController.swift in Sources */ = {isa = PBXBuildFile; fileRef = 279042DE36DDBB3470A88030 /* ListViewController.swift */; };
		279043BAC104F6E8565EE6E3 /* TwitterNetworkClient.swift in Sources */ = {isa = PBXBuildFile; fileRef = 27904F278550694AEF71C5F7 /* TwitterNetworkClient.swift */; };
		279044FF22AE53740BC96CA5 /* Main.storyboard in Resources */ = {isa = PBXBuildFile; fileRef = 279042C1B653E887F60E6E91 /* Main.storyboard */; };
		279045739D344C8ADE7D6434 /* ListPresenterInterface.swift in Sources */ = {isa = PBXBuildFile; fileRef = 279044E2895DD8F7AB67B063 /* ListPresenterInterface.swift */; };
		2790462D798C4ED87830DDD1 /* ListViewInterface.swift in Sources */ = {isa = PBXBuildFile; fileRef = 27904AC828EEBD17E6759DA4 /* ListViewInterface.swift */; };
		279046B8DC6628F2E08EEBFA /* ListData.swift in Sources */ = {isa = PBXBuildFile; fileRef = 2790455EA1E0ECDF88F47FD4 /* ListData.swift */; };
		279047D4341E54DBC445256B /* AppDelegate.swift in Sources */ = {isa = PBXBuildFile; fileRef = 27904FC132BD320582D9A95B /* AppDelegate.swift */; };
		2790481D1C978F5034F02EE7 /* NetworkClient.swift in Sources */ = {isa = PBXBuildFile; fileRef = 27904EF84D0787B11E590000 /* NetworkClient.swift */; };
		27904854E8CC5CF94DFC6C2B /* BasePresenter.swift in Sources */ = {isa = PBXBuildFile; fileRef = 279042A67691B675533C9DF3 /* BasePresenter.swift */; };
		279048FE4B34E1BEA4D62285 /* BaseRouter.swift in Sources */ = {isa = PBXBuildFile; fileRef = 27904E817BD2157A5D8AFA8F /* BaseRouter.swift */; };
		2790496ABC244698F9406A77 /* ListPresenter.swift in Sources */ = {isa = PBXBuildFile; fileRef = 279043B8C66F8D08D41AAB39 /* ListPresenter.swift */; };
		27904A7A11114C0DDD6AC5D3 /* AppConfiguration.swift in Sources */ = {isa = PBXBuildFile; fileRef = 27904C5AD53EC3FC8BF7F014 /* AppConfiguration.swift */; };
		27904B3BFB65B33C22E3615F /* LaunchScreen.storyboard in Resources */ = {isa = PBXBuildFile; fileRef = 27904CE889B863171EB67F62 /* LaunchScreen.storyboard */; };
		27904C3AFCDBF9FB9915526A /* ListRouter.swift in Sources */ = {isa = PBXBuildFile; fileRef = 2790468C57DA6C8C1B2D493D /* ListRouter.swift */; };
		27904CCD6FC6E839CA610337 /* ListInteractorInput.swift in Sources */ = {isa = PBXBuildFile; fileRef = 27904E85E32A1204C5011D36 /* ListInteractorInput.swift */; };
		27904ECD163BD37C698A6248 /* Models.swift in Sources */ = {isa = PBXBuildFile; fileRef = 27904537E90AF663009AED30 /* Models.swift */; };
		27904F6F7CB39F2699BB4C59 /* TweetInteractor.swift in Sources */ = {isa = PBXBuildFile; fileRef = 27904361482D3EBF3644F9BC /* TweetInteractor.swift */; };
		AB0BF08F2053F5A400F2E5FA /* RxSwift.framework in Frameworks */ = {isa = PBXBuildFile; fileRef = AB0BF08E2053F5A400F2E5FA /* RxSwift.framework */; };
		AB0BF0902053F5A400F2E5FA /* RxSwift.framework in Embed Frameworks */ = {isa = PBXBuildFile; fileRef = AB0BF08E2053F5A400F2E5FA /* RxSwift.framework */; settings = {ATTRIBUTES = (CodeSignOnCopy, RemoveHeadersOnCopy, ); }; };
		AB2397502053F57900765DD7 /* RxCocoa.framework in Frameworks */ = {isa = PBXBuildFile; fileRef = AB23974B2053F57800765DD7 /* RxCocoa.framework */; };
		AB2397512053F57900765DD7 /* RxCocoa.framework in Embed Frameworks */ = {isa = PBXBuildFile; fileRef = AB23974B2053F57800765DD7 /* RxCocoa.framework */; settings = {ATTRIBUTES = (CodeSignOnCopy, RemoveHeadersOnCopy, ); }; };
		AB2397522053F57900765DD7 /* RxKeyboard.framework in Frameworks */ = {isa = PBXBuildFile; fileRef = AB23974C2053F57900765DD7 /* RxKeyboard.framework */; };
		AB2397532053F57900765DD7 /* RxKeyboard.framework in Embed Frameworks */ = {isa = PBXBuildFile; fileRef = AB23974C2053F57900765DD7 /* RxKeyboard.framework */; settings = {ATTRIBUTES = (CodeSignOnCopy, RemoveHeadersOnCopy, ); }; };
		AB2397542053F57900765DD7 /* RxBlocking.framework in Frameworks */ = {isa = PBXBuildFile; fileRef = AB23974D2053F57900765DD7 /* RxBlocking.framework */; };
		AB2397552053F57900765DD7 /* RxBlocking.framework in Embed Frameworks */ = {isa = PBXBuildFile; fileRef = AB23974D2053F57900765DD7 /* RxBlocking.framework */; settings = {ATTRIBUTES = (CodeSignOnCopy, RemoveHeadersOnCopy, ); }; };
		AB3DB7ED205134BB000C9F4E /* ViewController.swift in Sources */ = {isa = PBXBuildFile; fileRef = AB3DB7EC205134BB000C9F4E /* ViewController.swift */; };
		AB3DB800205134BB000C9F4E /* HashTwitTests.swift in Sources */ = {isa = PBXBuildFile; fileRef = AB3DB7FF205134BB000C9F4E /* HashTwitTests.swift */; };
		AB3DB80B205134BB000C9F4E /* HashTwitUITests.swift in Sources */ = {isa = PBXBuildFile; fileRef = AB3DB80A205134BB000C9F4E /* HashTwitUITests.swift */; };
		AB56119D20531AF0009B6040 /* TwitterCore.framework in Frameworks */ = {isa = PBXBuildFile; fileRef = AB56119C20531AF0009B6040 /* TwitterCore.framework */; };
		AB56119E20531AF0009B6040 /* TwitterCore.framework in Embed Frameworks */ = {isa = PBXBuildFile; fileRef = AB56119C20531AF0009B6040 /* TwitterCore.framework */; settings = {ATTRIBUTES = (CodeSignOnCopy, RemoveHeadersOnCopy, ); }; };
		AB56119F20531B09009B6040 /* TwitterShareExtensionUI.framework in Frameworks */ = {isa = PBXBuildFile; fileRef = AB3DB81D20530EAC000C9F4E /* TwitterShareExtensionUI.framework */; };
		AB5611A020531B09009B6040 /* TwitterShareExtensionUI.framework in Embed Frameworks */ = {isa = PBXBuildFile; fileRef = AB3DB81D20530EAC000C9F4E /* TwitterShareExtensionUI.framework */; settings = {ATTRIBUTES = (CodeSignOnCopy, RemoveHeadersOnCopy, ); }; };
		ABCEE399205319BB003BAD00 /* TwitterKit.framework in Frameworks */ = {isa = PBXBuildFile; fileRef = AB3DB81B20530EA2000C9F4E /* TwitterKit.framework */; };
		ABCEE39A205319BB003BAD00 /* TwitterKit.framework in Embed Frameworks */ = {isa = PBXBuildFile; fileRef = AB3DB81B20530EA2000C9F4E /* TwitterKit.framework */; settings = {ATTRIBUTES = (CodeSignOnCopy, RemoveHeadersOnCopy, ); }; };
/* End PBXBuildFile section */

/* Begin PBXContainerItemProxy section */
		AB3DB7FC205134BB000C9F4E /* PBXContainerItemProxy */ = {
			isa = PBXContainerItemProxy;
			containerPortal = AB3DB7DF205134BB000C9F4E /* Project object */;
			proxyType = 1;
			remoteGlobalIDString = AB3DB7E6205134BB000C9F4E;
			remoteInfo = HashTwit;
		};
		AB3DB807205134BB000C9F4E /* PBXContainerItemProxy */ = {
			isa = PBXContainerItemProxy;
			containerPortal = AB3DB7DF205134BB000C9F4E /* Project object */;
			proxyType = 1;
			remoteGlobalIDString = AB3DB7E6205134BB000C9F4E;
			remoteInfo = HashTwit;
		};
/* End PBXContainerItemProxy section */

/* Begin PBXCopyFilesBuildPhase section */
		ABCEE39120531770003BAD00 /* Embed Frameworks */ = {
			isa = PBXCopyFilesBuildPhase;
			buildActionMask = 2147483647;
			dstPath = "";
			dstSubfolderSpec = 10;
			files = (
				AB2397512053F57900765DD7 /* RxCocoa.framework in Embed Frameworks */,
				AB5611A020531B09009B6040 /* TwitterShareExtensionUI.framework in Embed Frameworks */,
				AB56119E20531AF0009B6040 /* TwitterCore.framework in Embed Frameworks */,
				AB2397532053F57900765DD7 /* RxKeyboard.framework in Embed Frameworks */,
				AB0BF0902053F5A400F2E5FA /* RxSwift.framework in Embed Frameworks */,
				ABCEE39A205319BB003BAD00 /* TwitterKit.framework in Embed Frameworks */,
				AB2397552053F57900765DD7 /* RxBlocking.framework in Embed Frameworks */,
			);
			name = "Embed Frameworks";
			runOnlyForDeploymentPostprocessing = 0;
		};
/* End PBXCopyFilesBuildPhase section */

/* Begin PBXFileReference section */
		27904028C08C89E13144CEAC /* Info.plist */ = {isa = PBXFileReference; fileEncoding = 4; lastKnownFileType = text.plist.info; path = Info.plist; sourceTree = "<group>"; };
		279040ABB2ECDCC7E5BD8921 /* Base */ = {isa = PBXFileReference; lastKnownFileType = file.storyboard; name = Base; path = HashTwit/Base.lproj/LaunchScreen.storyboard; sourceTree = SOURCE_ROOT; };
		27904225A1DE64B5459B5770 /* Base */ = {isa = PBXFileReference; lastKnownFileType = file.storyboard; name = Base; path = HashTwit/Base.lproj/Main.storyboard; sourceTree = SOURCE_ROOT; };
		279042A67691B675533C9DF3 /* BasePresenter.swift */ = {isa = PBXFileReference; fileEncoding = 4; lastKnownFileType = sourcecode.swift; path = BasePresenter.swift; sourceTree = "<group>"; };
		279042BDA03BE05128AEFFDE /* BaseView.swift */ = {isa = PBXFileReference; fileEncoding = 4; lastKnownFileType = sourcecode.swift; path = BaseView.swift; sourceTree = "<group>"; };
		279042DE36DDBB3470A88030 /* ListViewController.swift */ = {isa = PBXFileReference; fileEncoding = 4; lastKnownFileType = sourcecode.swift; path = ListViewController.swift; sourceTree = "<group>"; };
		27904361482D3EBF3644F9BC /* TweetInteractor.swift */ = {isa = PBXFileReference; fileEncoding = 4; lastKnownFileType = sourcecode.swift; path = TweetInteractor.swift; sourceTree = "<group>"; };
		279043B8C66F8D08D41AAB39 /* ListPresenter.swift */ = {isa = PBXFileReference; fileEncoding = 4; lastKnownFileType = sourcecode.swift; path = ListPresenter.swift; sourceTree = "<group>"; };
		279044E2895DD8F7AB67B063 /* ListPresenterInterface.swift */ = {isa = PBXFileReference; fileEncoding = 4; lastKnownFileType = sourcecode.swift; path = ListPresenterInterface.swift; sourceTree = "<group>"; };
		27904537E90AF663009AED30 /* Models.swift */ = {isa = PBXFileReference; fileEncoding = 4; lastKnownFileType = sourcecode.swift; path = Models.swift; sourceTree = "<group>"; };
		2790455EA1E0ECDF88F47FD4 /* ListData.swift */ = {isa = PBXFileReference; fileEncoding = 4; lastKnownFileType = sourcecode.swift; path = ListData.swift; sourceTree = "<group>"; };
		2790468C57DA6C8C1B2D493D /* ListRouter.swift */ = {isa = PBXFileReference; fileEncoding = 4; lastKnownFileType = sourcecode.swift; path = ListRouter.swift; sourceTree = "<group>"; };
		27904AB3EFC38E716B345BCC /* Assets.xcassets */ = {isa = PBXFileReference; lastKnownFileType = folder.assetcatalog; path = Assets.xcassets; sourceTree = "<group>"; };
		27904AC828EEBD17E6759DA4 /* ListViewInterface.swift */ = {isa = PBXFileReference; fileEncoding = 4; lastKnownFileType = sourcecode.swift; path = ListViewInterface.swift; sourceTree = "<group>"; };
		27904B4D609993752A2BB528 /* ListInteractorOutput.swift */ = {isa = PBXFileReference; fileEncoding = 4; lastKnownFileType = sourcecode.swift; path = ListInteractorOutput.swift; sourceTree = "<group>"; };
		27904C5AD53EC3FC8BF7F014 /* AppConfiguration.swift */ = {isa = PBXFileReference; fileEncoding = 4; lastKnownFileType = sourcecode.swift; path = AppConfiguration.swift; sourceTree = "<group>"; };
		27904E817BD2157A5D8AFA8F /* BaseRouter.swift */ = {isa = PBXFileReference; fileEncoding = 4; lastKnownFileType = sourcecode.swift; path = BaseRouter.swift; sourceTree = "<group>"; };
		27904E85E32A1204C5011D36 /* ListInteractorInput.swift */ = {isa = PBXFileReference; fileEncoding = 4; lastKnownFileType = sourcecode.swift; path = ListInteractorInput.swift; sourceTree = "<group>"; };
		27904EF84D0787B11E590000 /* NetworkClient.swift */ = {isa = PBXFileReference; fileEncoding = 4; lastKnownFileType = sourcecode.swift; path = NetworkClient.swift; sourceTree = "<group>"; };
		27904F278550694AEF71C5F7 /* TwitterNetworkClient.swift */ = {isa = PBXFileReference; fileEncoding = 4; lastKnownFileType = sourcecode.swift; path = TwitterNetworkClient.swift; sourceTree = "<group>"; };
		27904FC132BD320582D9A95B /* AppDelegate.swift */ = {isa = PBXFileReference; fileEncoding = 4; lastKnownFileType = sourcecode.swift; path = AppDelegate.swift; sourceTree = "<group>"; };
		AB0BF08E2053F5A400F2E5FA /* RxSwift.framework */ = {isa = PBXFileReference; lastKnownFileType = wrapper.framework; name = RxSwift.framework; path = Carthage/Build/iOS/RxSwift.framework; sourceTree = "<group>"; };
		AB23974B2053F57800765DD7 /* RxCocoa.framework */ = {isa = PBXFileReference; lastKnownFileType = wrapper.framework; name = RxCocoa.framework; path = Carthage/Build/iOS/RxCocoa.framework; sourceTree = "<group>"; };
		AB23974C2053F57900765DD7 /* RxKeyboard.framework */ = {isa = PBXFileReference; lastKnownFileType = wrapper.framework; name = RxKeyboard.framework; path = Carthage/Build/iOS/RxKeyboard.framework; sourceTree = "<group>"; };
		AB23974D2053F57900765DD7 /* RxBlocking.framework */ = {isa = PBXFileReference; lastKnownFileType = wrapper.framework; name = RxBlocking.framework; path = Carthage/Build/iOS/RxBlocking.framework; sourceTree = "<group>"; };
		AB23974F2053F57900765DD7 /* RxTest.framework */ = {isa = PBXFileReference; lastKnownFileType = wrapper.framework; name = RxTest.framework; path = Carthage/Build/iOS/RxTest.framework; sourceTree = "<group>"; };
		AB3DB7E7205134BB000C9F4E /* HashTwit.app */ = {isa = PBXFileReference; explicitFileType = wrapper.application; includeInIndex = 0; path = HashTwit.app; sourceTree = BUILT_PRODUCTS_DIR; };
		AB3DB7EC205134BB000C9F4E /* ViewController.swift */ = {isa = PBXFileReference; lastKnownFileType = sourcecode.swift; path = ViewController.swift; sourceTree = "<group>"; };
		AB3DB7FB205134BB000C9F4E /* HashTwitTests.xctest */ = {isa = PBXFileReference; explicitFileType = wrapper.cfbundle; includeInIndex = 0; path = HashTwitTests.xctest; sourceTree = BUILT_PRODUCTS_DIR; };
		AB3DB7FF205134BB000C9F4E /* HashTwitTests.swift */ = {isa = PBXFileReference; lastKnownFileType = sourcecode.swift; path = HashTwitTests.swift; sourceTree = "<group>"; };
		AB3DB801205134BB000C9F4E /* Info.plist */ = {isa = PBXFileReference; lastKnownFileType = text.plist.xml; path = Info.plist; sourceTree = "<group>"; };
		AB3DB806205134BB000C9F4E /* HashTwitUITests.xctest */ = {isa = PBXFileReference; explicitFileType = wrapper.cfbundle; includeInIndex = 0; path = HashTwitUITests.xctest; sourceTree = BUILT_PRODUCTS_DIR; };
		AB3DB80A205134BB000C9F4E /* HashTwitUITests.swift */ = {isa = PBXFileReference; lastKnownFileType = sourcecode.swift; path = HashTwitUITests.swift; sourceTree = "<group>"; };
		AB3DB80C205134BB000C9F4E /* Info.plist */ = {isa = PBXFileReference; lastKnownFileType = text.plist.xml; path = Info.plist; sourceTree = "<group>"; };
		AB3DB81920530E91000C9F4E /* ReactiveSwift.framework */ = {isa = PBXFileReference; lastKnownFileType = wrapper.framework; name = ReactiveSwift.framework; path = Carthage/Build/iOS/ReactiveSwift.framework; sourceTree = "<group>"; };
		AB3DB81B20530EA2000C9F4E /* TwitterKit.framework */ = {isa = PBXFileReference; lastKnownFileType = wrapper.framework; name = TwitterKit.framework; path = Carthage/Build/iOS/TwitterKit.framework; sourceTree = "<group>"; };
		AB3DB81D20530EAC000C9F4E /* TwitterShareExtensionUI.framework */ = {isa = PBXFileReference; lastKnownFileType = wrapper.framework; name = TwitterShareExtensionUI.framework; path = Carthage/Build/iOS/TwitterShareExtensionUI.framework; sourceTree = "<group>"; };
		AB3DB82020530EE3000C9F4E /* Result.framework */ = {isa = PBXFileReference; lastKnownFileType = wrapper.framework; name = Result.framework; path = Carthage/Build/iOS/Result.framework; sourceTree = "<group>"; };
		AB3DB823205314B6000C9F4E /* HashTwit-Bridging-Header.h */ = {isa = PBXFileReference; lastKnownFileType = sourcecode.c.h; path = "HashTwit-Bridging-Header.h"; sourceTree = "<group>"; };
		AB56119C20531AF0009B6040 /* TwitterCore.framework */ = {isa = PBXFileReference; lastKnownFileType = wrapper.framework; name = TwitterCore.framework; path = Carthage/Build/iOS/TwitterCore.framework; sourceTree = "<group>"; };
/* End PBXFileReference section */

/* Begin PBXFrameworksBuildPhase section */
		AB3DB7E4205134BB000C9F4E /* Frameworks */ = {
			isa = PBXFrameworksBuildPhase;
			buildActionMask = 2147483647;
			files = (
				AB2397502053F57900765DD7 /* RxCocoa.framework in Frameworks */,
				AB56119F20531B09009B6040 /* TwitterShareExtensionUI.framework in Frameworks */,
				AB56119D20531AF0009B6040 /* TwitterCore.framework in Frameworks */,
				AB2397522053F57900765DD7 /* RxKeyboard.framework in Frameworks */,
				AB0BF08F2053F5A400F2E5FA /* RxSwift.framework in Frameworks */,
				ABCEE399205319BB003BAD00 /* TwitterKit.framework in Frameworks */,
				AB2397542053F57900765DD7 /* RxBlocking.framework in Frameworks */,
			);
			runOnlyForDeploymentPostprocessing = 0;
		};
		AB3DB7F8205134BB000C9F4E /* Frameworks */ = {
			isa = PBXFrameworksBuildPhase;
			buildActionMask = 2147483647;
			files = (
			);
			runOnlyForDeploymentPostprocessing = 0;
		};
		AB3DB803205134BB000C9F4E /* Frameworks */ = {
			isa = PBXFrameworksBuildPhase;
			buildActionMask = 2147483647;
			files = (
			);
			runOnlyForDeploymentPostprocessing = 0;
		};
/* End PBXFrameworksBuildPhase section */

/* Begin PBXGroup section */
		2790403710E66C51B3ED28B7 /* resources */ = {
			isa = PBXGroup;
			children = (
				27904AB3EFC38E716B345BCC /* Assets.xcassets */,
				27904028C08C89E13144CEAC /* Info.plist */,
				AB3DB823205314B6000C9F4E /* HashTwit-Bridging-Header.h */,
			);
			path = resources;
			sourceTree = "<group>";
		};
		2790406D1B52EA49A017A7CD /* core */ = {
			isa = PBXGroup;
			children = (
				27904FC132BD320582D9A95B /* AppDelegate.swift */,
				27904C5AD53EC3FC8BF7F014 /* AppConfiguration.swift */,
			);
			path = core;
			sourceTree = "<group>";
		};
		2790420148EEC14B2129F534 /* modules */ = {
			isa = PBXGroup;
			children = (
				27904BE12F09BB75DC7EA52A /* hashtag */,
			);
			path = modules;
			sourceTree = "<group>";
		};
		27904394AF6DFDE76B228A48 /* ui */ = {
			isa = PBXGroup;
			children = (
				27904CE889B863171EB67F62 /* LaunchScreen.storyboard */,
				279042C1B653E887F60E6E91 /* Main.storyboard */,
			);
			path = ui;
			sourceTree = "<group>";
		};
		279043979AAD1CA581F2F95C /* base */ = {
			isa = PBXGroup;
			children = (
				27904E817BD2157A5D8AFA8F /* BaseRouter.swift */,
				279042A67691B675533C9DF3 /* BasePresenter.swift */,
				279042BDA03BE05128AEFFDE /* BaseView.swift */,
			);
			path = base;
			sourceTree = "<group>";
		};
		279043B572CE58B35840E59D /* data */ = {
			isa = PBXGroup;
			children = (
				27904404228BB4DE4FB42ACC /* network */,
				27904A9453E4CAC301AAE569 /* interactor */,
				27904A45C1734899D9B5B55E /* models */,
			);
			path = data;
			sourceTree = "<group>";
		};
		27904404228BB4DE4FB42ACC /* network */ = {
			isa = PBXGroup;
			children = (
				27904EF84D0787B11E590000 /* NetworkClient.swift */,
				27904F278550694AEF71C5F7 /* TwitterNetworkClient.swift */,
			);
			path = network;
			sourceTree = "<group>";
		};
		27904A45C1734899D9B5B55E /* models */ = {
			isa = PBXGroup;
			children = (
				27904537E90AF663009AED30 /* Models.swift */,
			);
			path = models;
			sourceTree = "<group>";
		};
		27904A9453E4CAC301AAE569 /* interactor */ = {
			isa = PBXGroup;
			children = (
				27904361482D3EBF3644F9BC /* TweetInteractor.swift */,
			);
			path = interactor;
			sourceTree = "<group>";
		};
		27904BE12F09BB75DC7EA52A /* hashtag */ = {
			isa = PBXGroup;
			children = (
				2790468C57DA6C8C1B2D493D /* ListRouter.swift */,
				279042DE36DDBB3470A88030 /* ListViewController.swift */,
				279043B8C66F8D08D41AAB39 /* ListPresenter.swift */,
				279044E2895DD8F7AB67B063 /* ListPresenterInterface.swift */,
				27904AC828EEBD17E6759DA4 /* ListViewInterface.swift */,
				2790455EA1E0ECDF88F47FD4 /* ListData.swift */,
				27904E85E32A1204C5011D36 /* ListInteractorInput.swift */,
				27904B4D609993752A2BB528 /* ListInteractorOutput.swift */,
			);
			path = hashtag;
			sourceTree = "<group>";
		};
		AB3DB7DE205134BB000C9F4E = {
			isa = PBXGroup;
			children = (
				AB3DB7E9205134BB000C9F4E /* HashTwit */,
				AB3DB7FE205134BB000C9F4E /* HashTwitTests */,
				AB3DB809205134BB000C9F4E /* HashTwitUITests */,
				AB3DB7E8205134BB000C9F4E /* Products */,
				AB3DB81820530E91000C9F4E /* Frameworks */,
			);
			sourceTree = "<group>";
		};
		AB3DB7E8205134BB000C9F4E /* Products */ = {
			isa = PBXGroup;
			children = (
				AB3DB7E7205134BB000C9F4E /* HashTwit.app */,
				AB3DB7FB205134BB000C9F4E /* HashTwitTests.xctest */,
				AB3DB806205134BB000C9F4E /* HashTwitUITests.xctest */,
			);
			name = Products;
			sourceTree = "<group>";
		};
		AB3DB7E9205134BB000C9F4E /* HashTwit */ = {
			isa = PBXGroup;
			children = (
				AB3DB7EC205134BB000C9F4E /* ViewController.swift */,
				279043B572CE58B35840E59D /* data */,
				2790420148EEC14B2129F534 /* modules */,
				27904394AF6DFDE76B228A48 /* ui */,
				2790406D1B52EA49A017A7CD /* core */,
				2790403710E66C51B3ED28B7 /* resources */,
				279043979AAD1CA581F2F95C /* base */,
			);
			path = HashTwit;
			sourceTree = "<group>";
		};
		AB3DB7FE205134BB000C9F4E /* HashTwitTests */ = {
			isa = PBXGroup;
			children = (
				AB3DB7FF205134BB000C9F4E /* HashTwitTests.swift */,
				AB3DB801205134BB000C9F4E /* Info.plist */,
			);
			path = HashTwitTests;
			sourceTree = "<group>";
		};
		AB3DB809205134BB000C9F4E /* HashTwitUITests */ = {
			isa = PBXGroup;
			children = (
				AB3DB80A205134BB000C9F4E /* HashTwitUITests.swift */,
				AB3DB80C205134BB000C9F4E /* Info.plist */,
			);
			path = HashTwitUITests;
			sourceTree = "<group>";
		};
		AB3DB81820530E91000C9F4E /* Frameworks */ = {
			isa = PBXGroup;
			children = (
				AB23974C2053F57900765DD7 /* RxKeyboard.framework */,
				AB23974B2053F57800765DD7 /* RxCocoa.framework */,
				AB23974D2053F57900765DD7 /* RxBlocking.framework */,
				AB0BF08E2053F5A400F2E5FA /* RxSwift.framework */,
				AB23974F2053F57900765DD7 /* RxTest.framework */,
				AB56119C20531AF0009B6040 /* TwitterCore.framework */,
				AB3DB82020530EE3000C9F4E /* Result.framework */,
				AB3DB81D20530EAC000C9F4E /* TwitterShareExtensionUI.framework */,
				AB3DB81B20530EA2000C9F4E /* TwitterKit.framework */,
				AB3DB81920530E91000C9F4E /* ReactiveSwift.framework */,
			);
			name = Frameworks;
			sourceTree = "<group>";
		};
/* End PBXGroup section */

/* Begin PBXNativeTarget section */
		AB3DB7E6205134BB000C9F4E /* HashTwit */ = {
			isa = PBXNativeTarget;
			buildConfigurationList = AB3DB80F205134BB000C9F4E /* Build configuration list for PBXNativeTarget "HashTwit" */;
			buildPhases = (
				AB3DB7E3205134BB000C9F4E /* Sources */,
				AB3DB7E4205134BB000C9F4E /* Frameworks */,
				AB3DB7E5205134BB000C9F4E /* Resources */,
				ABCEE39120531770003BAD00 /* Embed Frameworks */,
			);
			buildRules = (
			);
			dependencies = (
			);
			name = HashTwit;
			productName = HashTwit;
			productReference = AB3DB7E7205134BB000C9F4E /* HashTwit.app */;
			productType = "com.apple.product-type.application";
		};
		AB3DB7FA205134BB000C9F4E /* HashTwitTests */ = {
			isa = PBXNativeTarget;
			buildConfigurationList = AB3DB812205134BB000C9F4E /* Build configuration list for PBXNativeTarget "HashTwitTests" */;
			buildPhases = (
				AB3DB7F7205134BB000C9F4E /* Sources */,
				AB3DB7F8205134BB000C9F4E /* Frameworks */,
				AB3DB7F9205134BB000C9F4E /* Resources */,
			);
			buildRules = (
			);
			dependencies = (
				AB3DB7FD205134BB000C9F4E /* PBXTargetDependency */,
			);
			name = HashTwitTests;
			productName = HashTwitTests;
			productReference = AB3DB7FB205134BB000C9F4E /* HashTwitTests.xctest */;
			productType = "com.apple.product-type.bundle.unit-test";
		};
		AB3DB805205134BB000C9F4E /* HashTwitUITests */ = {
			isa = PBXNativeTarget;
			buildConfigurationList = AB3DB815205134BB000C9F4E /* Build configuration list for PBXNativeTarget "HashTwitUITests" */;
			buildPhases = (
				AB3DB802205134BB000C9F4E /* Sources */,
				AB3DB803205134BB000C9F4E /* Frameworks */,
				AB3DB804205134BB000C9F4E /* Resources */,
			);
			buildRules = (
			);
			dependencies = (
				AB3DB808205134BB000C9F4E /* PBXTargetDependency */,
			);
			name = HashTwitUITests;
			productName = HashTwitUITests;
			productReference = AB3DB806205134BB000C9F4E /* HashTwitUITests.xctest */;
			productType = "com.apple.product-type.bundle.ui-testing";
		};
/* End PBXNativeTarget section */

/* Begin PBXProject section */
		AB3DB7DF205134BB000C9F4E /* Project object */ = {
			isa = PBXProject;
			attributes = {
				LastSwiftUpdateCheck = 0920;
				LastUpgradeCheck = 0920;
				ORGANIZATIONNAME = kotvaska;
				TargetAttributes = {
					AB3DB7E6205134BB000C9F4E = {
						CreatedOnToolsVersion = 9.2;
						ProvisioningStyle = Automatic;
					};
					AB3DB7FA205134BB000C9F4E = {
						CreatedOnToolsVersion = 9.2;
						ProvisioningStyle = Automatic;
						TestTargetID = AB3DB7E6205134BB000C9F4E;
					};
					AB3DB805205134BB000C9F4E = {
						CreatedOnToolsVersion = 9.2;
						ProvisioningStyle = Automatic;
						TestTargetID = AB3DB7E6205134BB000C9F4E;
					};
				};
			};
			buildConfigurationList = AB3DB7E2205134BB000C9F4E /* Build configuration list for PBXProject "HashTwit" */;
			compatibilityVersion = "Xcode 8.0";
			developmentRegion = en;
			hasScannedForEncodings = 0;
			knownRegions = (
				en,
				Base,
			);
			mainGroup = AB3DB7DE205134BB000C9F4E;
			productRefGroup = AB3DB7E8205134BB000C9F4E /* Products */;
			projectDirPath = "";
			projectRoot = "";
			targets = (
				AB3DB7E6205134BB000C9F4E /* HashTwit */,
				AB3DB7FA205134BB000C9F4E /* HashTwitTests */,
				AB3DB805205134BB000C9F4E /* HashTwitUITests */,
			);
		};
/* End PBXProject section */

/* Begin PBXResourcesBuildPhase section */
		AB3DB7E5205134BB000C9F4E /* Resources */ = {
			isa = PBXResourcesBuildPhase;
			buildActionMask = 2147483647;
			files = (
				27904B3BFB65B33C22E3615F /* LaunchScreen.storyboard in Resources */,
				279044FF22AE53740BC96CA5 /* Main.storyboard in Resources */,
				279041EAF298C314EBD693C6 /* Assets.xcassets in Resources */,
			);
			runOnlyForDeploymentPostprocessing = 0;
		};
		AB3DB7F9205134BB000C9F4E /* Resources */ = {
			isa = PBXResourcesBuildPhase;
			buildActionMask = 2147483647;
			files = (
			);
			runOnlyForDeploymentPostprocessing = 0;
		};
		AB3DB804205134BB000C9F4E /* Resources */ = {
			isa = PBXResourcesBuildPhase;
			buildActionMask = 2147483647;
			files = (
			);
			runOnlyForDeploymentPostprocessing = 0;
		};
/* End PBXResourcesBuildPhase section */

/* Begin PBXSourcesBuildPhase section */
		AB3DB7E3205134BB000C9F4E /* Sources */ = {
			isa = PBXSourcesBuildPhase;
			buildActionMask = 2147483647;
			files = (
				AB3DB7ED205134BB000C9F4E /* ViewController.swift in Sources */,
				279047D4341E54DBC445256B /* AppDelegate.swift in Sources */,
				2790481D1C978F5034F02EE7 /* NetworkClient.swift in Sources */,
				27904A7A11114C0DDD6AC5D3 /* AppConfiguration.swift in Sources */,
				27904C3AFCDBF9FB9915526A /* ListRouter.swift in Sources */,
				279042CE1379AF220C4E2A27 /* ListViewController.swift in Sources */,
				279048FE4B34E1BEA4D62285 /* BaseRouter.swift in Sources */,
				279043BAC104F6E8565EE6E3 /* TwitterNetworkClient.swift in Sources */,
				2790496ABC244698F9406A77 /* ListPresenter.swift in Sources */,
				279045739D344C8ADE7D6434 /* ListPresenterInterface.swift in Sources */,
				2790462D798C4ED87830DDD1 /* ListViewInterface.swift in Sources */,
				279046B8DC6628F2E08EEBFA /* ListData.swift in Sources */,
				27904CCD6FC6E839CA610337 /* ListInteractorInput.swift in Sources */,
				27904F6F7CB39F2699BB4C59 /* TweetInteractor.swift in Sources */,
				279040A33C773146545F1CB0 /* ListInteractorOutput.swift in Sources */,
				27904854E8CC5CF94DFC6C2B /* BasePresenter.swift in Sources */,
				279041FF1E29EA7BFC9FDF01 /* BaseView.swift in Sources */,
				27904ECD163BD37C698A6248 /* Models.swift in Sources */,
			);
			runOnlyForDeploymentPostprocessing = 0;
		};
		AB3DB7F7205134BB000C9F4E /* Sources */ = {
			isa = PBXSourcesBuildPhase;
			buildActionMask = 2147483647;
			files = (
				AB3DB800205134BB000C9F4E /* HashTwitTests.swift in Sources */,
			);
			runOnlyForDeploymentPostprocessing = 0;
		};
		AB3DB802205134BB000C9F4E /* Sources */ = {
			isa = PBXSourcesBuildPhase;
			buildActionMask = 2147483647;
			files = (
				AB3DB80B205134BB000C9F4E /* HashTwitUITests.swift in Sources */,
			);
			runOnlyForDeploymentPostprocessing = 0;
		};
/* End PBXSourcesBuildPhase section */

/* Begin PBXTargetDependency section */
		AB3DB7FD205134BB000C9F4E /* PBXTargetDependency */ = {
			isa = PBXTargetDependency;
			target = AB3DB7E6205134BB000C9F4E /* HashTwit */;
			targetProxy = AB3DB7FC205134BB000C9F4E /* PBXContainerItemProxy */;
		};
		AB3DB808205134BB000C9F4E /* PBXTargetDependency */ = {
			isa = PBXTargetDependency;
			target = AB3DB7E6205134BB000C9F4E /* HashTwit */;
			targetProxy = AB3DB807205134BB000C9F4E /* PBXContainerItemProxy */;
		};
/* End PBXTargetDependency section */

/* Begin PBXVariantGroup section */
		279042C1B653E887F60E6E91 /* Main.storyboard */ = {
			isa = PBXVariantGroup;
			children = (
				27904225A1DE64B5459B5770 /* Base */,
			);
			name = Main.storyboard;
			sourceTree = "<group>";
		};
		27904CE889B863171EB67F62 /* LaunchScreen.storyboard */ = {
			isa = PBXVariantGroup;
			children = (
				279040ABB2ECDCC7E5BD8921 /* Base */,
			);
			name = LaunchScreen.storyboard;
			sourceTree = "<group>";
		};
/* End PBXVariantGroup section */

/* Begin XCBuildConfiguration section */
		AB3DB80D205134BB000C9F4E /* Debug */ = {
			isa = XCBuildConfiguration;
			buildSettings = {
				ALWAYS_SEARCH_USER_PATHS = NO;
				CLANG_ANALYZER_NONNULL = YES;
				CLANG_ANALYZER_NUMBER_OBJECT_CONVERSION = YES_AGGRESSIVE;
				CLANG_CXX_LANGUAGE_STANDARD = "gnu++14";
				CLANG_CXX_LIBRARY = "libc++";
				CLANG_ENABLE_MODULES = YES;
				CLANG_ENABLE_OBJC_ARC = YES;
				CLANG_WARN_BLOCK_CAPTURE_AUTORELEASING = YES;
				CLANG_WARN_BOOL_CONVERSION = YES;
				CLANG_WARN_COMMA = YES;
				CLANG_WARN_CONSTANT_CONVERSION = YES;
				CLANG_WARN_DIRECT_OBJC_ISA_USAGE = YES_ERROR;
				CLANG_WARN_DOCUMENTATION_COMMENTS = YES;
				CLANG_WARN_EMPTY_BODY = YES;
				CLANG_WARN_ENUM_CONVERSION = YES;
				CLANG_WARN_INFINITE_RECURSION = YES;
				CLANG_WARN_INT_CONVERSION = YES;
				CLANG_WARN_NON_LITERAL_NULL_CONVERSION = YES;
				CLANG_WARN_OBJC_LITERAL_CONVERSION = YES;
				CLANG_WARN_OBJC_ROOT_CLASS = YES_ERROR;
				CLANG_WARN_RANGE_LOOP_ANALYSIS = YES;
				CLANG_WARN_STRICT_PROTOTYPES = YES;
				CLANG_WARN_SUSPICIOUS_MOVE = YES;
				CLANG_WARN_UNGUARDED_AVAILABILITY = YES_AGGRESSIVE;
				CLANG_WARN_UNREACHABLE_CODE = YES;
				CLANG_WARN__DUPLICATE_METHOD_MATCH = YES;
				CODE_SIGN_IDENTITY = "iPhone Developer";
				COPY_PHASE_STRIP = NO;
				DEBUG_INFORMATION_FORMAT = dwarf;
				ENABLE_STRICT_OBJC_MSGSEND = YES;
				ENABLE_TESTABILITY = YES;
				GCC_C_LANGUAGE_STANDARD = gnu11;
				GCC_DYNAMIC_NO_PIC = NO;
				GCC_NO_COMMON_BLOCKS = YES;
				GCC_OPTIMIZATION_LEVEL = 0;
				GCC_PREPROCESSOR_DEFINITIONS = (
					"DEBUG=1",
					"$(inherited)",
				);
				GCC_WARN_64_TO_32_BIT_CONVERSION = YES;
				GCC_WARN_ABOUT_RETURN_TYPE = YES_ERROR;
				GCC_WARN_UNDECLARED_SELECTOR = YES;
				GCC_WARN_UNINITIALIZED_AUTOS = YES_AGGRESSIVE;
				GCC_WARN_UNUSED_FUNCTION = YES;
				GCC_WARN_UNUSED_VARIABLE = YES;
				IPHONEOS_DEPLOYMENT_TARGET = 11.2;
				MTL_ENABLE_DEBUG_INFO = YES;
				ONLY_ACTIVE_ARCH = YES;
				SDKROOT = iphoneos;
				SWIFT_ACTIVE_COMPILATION_CONDITIONS = DEBUG;
				SWIFT_OPTIMIZATION_LEVEL = "-Onone";
			};
			name = Debug;
		};
		AB3DB80E205134BB000C9F4E /* Release */ = {
			isa = XCBuildConfiguration;
			buildSettings = {
				ALWAYS_SEARCH_USER_PATHS = NO;
				CLANG_ANALYZER_NONNULL = YES;
				CLANG_ANALYZER_NUMBER_OBJECT_CONVERSION = YES_AGGRESSIVE;
				CLANG_CXX_LANGUAGE_STANDARD = "gnu++14";
				CLANG_CXX_LIBRARY = "libc++";
				CLANG_ENABLE_MODULES = YES;
				CLANG_ENABLE_OBJC_ARC = YES;
				CLANG_WARN_BLOCK_CAPTURE_AUTORELEASING = YES;
				CLANG_WARN_BOOL_CONVERSION = YES;
				CLANG_WARN_COMMA = YES;
				CLANG_WARN_CONSTANT_CONVERSION = YES;
				CLANG_WARN_DIRECT_OBJC_ISA_USAGE = YES_ERROR;
				CLANG_WARN_DOCUMENTATION_COMMENTS = YES;
				CLANG_WARN_EMPTY_BODY = YES;
				CLANG_WARN_ENUM_CONVERSION = YES;
				CLANG_WARN_INFINITE_RECURSION = YES;
				CLANG_WARN_INT_CONVERSION = YES;
				CLANG_WARN_NON_LITERAL_NULL_CONVERSION = YES;
				CLANG_WARN_OBJC_LITERAL_CONVERSION = YES;
				CLANG_WARN_OBJC_ROOT_CLASS = YES_ERROR;
				CLANG_WARN_RANGE_LOOP_ANALYSIS = YES;
				CLANG_WARN_STRICT_PROTOTYPES = YES;
				CLANG_WARN_SUSPICIOUS_MOVE = YES;
				CLANG_WARN_UNGUARDED_AVAILABILITY = YES_AGGRESSIVE;
				CLANG_WARN_UNREACHABLE_CODE = YES;
				CLANG_WARN__DUPLICATE_METHOD_MATCH = YES;
				CODE_SIGN_IDENTITY = "iPhone Developer";
				COPY_PHASE_STRIP = NO;
				DEBUG_INFORMATION_FORMAT = "dwarf-with-dsym";
				ENABLE_NS_ASSERTIONS = NO;
				ENABLE_STRICT_OBJC_MSGSEND = YES;
				GCC_C_LANGUAGE_STANDARD = gnu11;
				GCC_NO_COMMON_BLOCKS = YES;
				GCC_WARN_64_TO_32_BIT_CONVERSION = YES;
				GCC_WARN_ABOUT_RETURN_TYPE = YES_ERROR;
				GCC_WARN_UNDECLARED_SELECTOR = YES;
				GCC_WARN_UNINITIALIZED_AUTOS = YES_AGGRESSIVE;
				GCC_WARN_UNUSED_FUNCTION = YES;
				GCC_WARN_UNUSED_VARIABLE = YES;
				IPHONEOS_DEPLOYMENT_TARGET = 11.2;
				MTL_ENABLE_DEBUG_INFO = NO;
				SDKROOT = iphoneos;
				SWIFT_OPTIMIZATION_LEVEL = "-Owholemodule";
				VALIDATE_PRODUCT = YES;
			};
			name = Release;
		};
		AB3DB810205134BB000C9F4E /* Debug */ = {
			isa = XCBuildConfiguration;
			buildSettings = {
				ASSETCATALOG_COMPILER_APPICON_NAME = AppIcon;
				CODE_SIGN_STYLE = Automatic;
				DEVELOPMENT_TEAM = 9DYMKXHBMZ;
				FRAMEWORK_SEARCH_PATHS = (
					"$(inherited)",
					"$(PROJECT_DIR)/Carthage/Build/iOS",
				);
				INFOPLIST_FILE = "$(SRCROOT)/HashTwit/resources/Info.plist";
				IPHONEOS_DEPLOYMENT_TARGET = 10.0;
				LD_RUNPATH_SEARCH_PATHS = "$(inherited) @executable_path/Frameworks";
				PRODUCT_BUNDLE_IDENTIFIER = com.kotvaska.HashTwit;
				PRODUCT_NAME = "$(TARGET_NAME)";
				SWIFT_OBJC_BRIDGING_HEADER = "HashTwit/resources/HashTwit-Bridging-Header.h";
				SWIFT_VERSION = 4.0;
				TARGETED_DEVICE_FAMILY = 1;
			};
			name = Debug;
		};
		AB3DB811205134BB000C9F4E /* Release */ = {
			isa = XCBuildConfiguration;
			buildSettings = {
				ASSETCATALOG_COMPILER_APPICON_NAME = AppIcon;
				CODE_SIGN_STYLE = Automatic;
				DEVELOPMENT_TEAM = 9DYMKXHBMZ;
				FRAMEWORK_SEARCH_PATHS = (
					"$(inherited)",
					"$(PROJECT_DIR)/Carthage/Build/iOS",
				);
				INFOPLIST_FILE = "$(SRCROOT)/HashTwit/resources/Info.plist";
				IPHONEOS_DEPLOYMENT_TARGET = 10.0;
				LD_RUNPATH_SEARCH_PATHS = "$(inherited) @executable_path/Frameworks";
				PRODUCT_BUNDLE_IDENTIFIER = com.kotvaska.HashTwit;
				PRODUCT_NAME = "$(TARGET_NAME)";
				SWIFT_OBJC_BRIDGING_HEADER = "HashTwit/resources/HashTwit-Bridging-Header.h";
				SWIFT_VERSION = 4.0;
				TARGETED_DEVICE_FAMILY = 1;
			};
			name = Release;
		};
		AB3DB813205134BB000C9F4E /* Debug */ = {
			isa = XCBuildConfiguration;
			buildSettings = {
				ALWAYS_EMBED_SWIFT_STANDARD_LIBRARIES = YES;
				BUNDLE_LOADER = "$(TEST_HOST)";
				CODE_SIGN_STYLE = Automatic;
				DEVELOPMENT_TEAM = 9DYMKXHBMZ;
				INFOPLIST_FILE = HashTwitTests/Info.plist;
				LD_RUNPATH_SEARCH_PATHS = "$(inherited) @executable_path/Frameworks @loader_path/Frameworks";
				PRODUCT_BUNDLE_IDENTIFIER = com.kotvaska.HashTwitTests;
				PRODUCT_NAME = "$(TARGET_NAME)";
				SWIFT_VERSION = 4.0;
				TARGETED_DEVICE_FAMILY = "1,2";
				TEST_HOST = "$(BUILT_PRODUCTS_DIR)/HashTwit.app/HashTwit";
			};
			name = Debug;
		};
		AB3DB814205134BB000C9F4E /* Release */ = {
			isa = XCBuildConfiguration;
			buildSettings = {
				ALWAYS_EMBED_SWIFT_STANDARD_LIBRARIES = YES;
				BUNDLE_LOADER = "$(TEST_HOST)";
				CODE_SIGN_STYLE = Automatic;
				DEVELOPMENT_TEAM = 9DYMKXHBMZ;
				INFOPLIST_FILE = HashTwitTests/Info.plist;
				LD_RUNPATH_SEARCH_PATHS = "$(inherited) @executable_path/Frameworks @loader_path/Frameworks";
				PRODUCT_BUNDLE_IDENTIFIER = com.kotvaska.HashTwitTests;
				PRODUCT_NAME = "$(TARGET_NAME)";
				SWIFT_VERSION = 4.0;
				TARGETED_DEVICE_FAMILY = "1,2";
				TEST_HOST = "$(BUILT_PRODUCTS_DIR)/HashTwit.app/HashTwit";
			};
			name = Release;
		};
		AB3DB816205134BB000C9F4E /* Debug */ = {
			isa = XCBuildConfiguration;
			buildSettings = {
				ALWAYS_EMBED_SWIFT_STANDARD_LIBRARIES = YES;
				CODE_SIGN_STYLE = Automatic;
				DEVELOPMENT_TEAM = 9DYMKXHBMZ;
				INFOPLIST_FILE = HashTwitUITests/Info.plist;
				LD_RUNPATH_SEARCH_PATHS = "$(inherited) @executable_path/Frameworks @loader_path/Frameworks";
				PRODUCT_BUNDLE_IDENTIFIER = com.kotvaska.HashTwitUITests;
				PRODUCT_NAME = "$(TARGET_NAME)";
				SWIFT_VERSION = 4.0;
				TARGETED_DEVICE_FAMILY = "1,2";
				TEST_TARGET_NAME = HashTwit;
			};
			name = Debug;
		};
		AB3DB817205134BB000C9F4E /* Release */ = {
			isa = XCBuildConfiguration;
			buildSettings = {
				ALWAYS_EMBED_SWIFT_STANDARD_LIBRARIES = YES;
				CODE_SIGN_STYLE = Automatic;
				DEVELOPMENT_TEAM = 9DYMKXHBMZ;
				INFOPLIST_FILE = HashTwitUITests/Info.plist;
				LD_RUNPATH_SEARCH_PATHS = "$(inherited) @executable_path/Frameworks @loader_path/Frameworks";
				PRODUCT_BUNDLE_IDENTIFIER = com.kotvaska.HashTwitUITests;
				PRODUCT_NAME = "$(TARGET_NAME)";
				SWIFT_VERSION = 4.0;
				TARGETED_DEVICE_FAMILY = "1,2";
				TEST_TARGET_NAME = HashTwit;
			};
			name = Release;
		};
/* End XCBuildConfiguration section */

/* Begin XCConfigurationList section */
		AB3DB7E2205134BB000C9F4E /* Build configuration list for PBXProject "HashTwit" */ = {
			isa = XCConfigurationList;
			buildConfigurations = (
				AB3DB80D205134BB000C9F4E /* Debug */,
				AB3DB80E205134BB000C9F4E /* Release */,
			);
			defaultConfigurationIsVisible = 0;
			defaultConfigurationName = Release;
		};
		AB3DB80F205134BB000C9F4E /* Build configuration list for PBXNativeTarget "HashTwit" */ = {
			isa = XCConfigurationList;
			buildConfigurations = (
				AB3DB810205134BB000C9F4E /* Debug */,
				AB3DB811205134BB000C9F4E /* Release */,
			);
			defaultConfigurationIsVisible = 0;
			defaultConfigurationName = Release;
		};
		AB3DB812205134BB000C9F4E /* Build configuration list for PBXNativeTarget "HashTwitTests" */ = {
			isa = XCConfigurationList;
			buildConfigurations = (
				AB3DB813205134BB000C9F4E /* Debug */,
				AB3DB814205134BB000C9F4E /* Release */,
			);
			defaultConfigurationIsVisible = 0;
			defaultConfigurationName = Release;
		};
		AB3DB815205134BB000C9F4E /* Build configuration list for PBXNativeTarget "HashTwitUITests" */ = {
			isa = XCConfigurationList;
			buildConfigurations = (
				AB3DB816205134BB000C9F4E /* Debug */,
				AB3DB817205134BB000C9F4E /* Release */,
			);
			defaultConfigurationIsVisible = 0;
			defaultConfigurationName = Release;
		};
/* End XCConfigurationList section */
	};
	rootObject = AB3DB7DF205134BB000C9F4E /* Project object */;
}
